
Microsoft Visual Studio Solution File, Format Version 12.00
# Visual Studio Version 17
VisualStudioVersion = 17.8.34525.116
MinimumVisualStudioVersion = 10.0.40219.1
Project("{FAE04EC0-301F-11D3-BF4B-00C04F79EFBC}") = "ST2_Projekt_Cinema", "ST2_Projekt_Cinema\ST2_Projekt_Cinema.csproj", "{1D54E783-D826-4825-B1F3-9FB8D5A45356}"
EndProject
Global
	GlobalSection(SolutionConfigurationPlatforms) = preSolution
		Debug|Any CPU = Debug|Any CPU
		Release|Any CPU = Release|Any CPU
	EndGlobalSection
	GlobalSection(ProjectConfigurationPlatforms) = postSolution
		{1D54E783-D826-4825-B1F3-9FB8D5A45356}.Debug|Any CPU.ActiveCfg = Debug|Any CPU
		{1D54E783-D826-4825-B1F3-9FB8D5A45356}.Debug|Any CPU.Build.0 = Debug|Any CPU
		{1D54E783-D826-4825-B1F3-9FB8D5A45356}.Release|Any CPU.ActiveCfg = Release|Any CPU
		{1D54E783-D826-4825-B1F3-9FB8D5A45356}.Release|Any CPU.Build.0 = Release|Any CPU
	EndGlobalSection
	GlobalSection(SolutionProperties) = preSolution
		HideSolutionNode = FALSE
	EndGlobalSection
	GlobalSection(ExtensibilityGlobals) = postSolution
		SolutionGuid = {5E60D647-0DC9-4D45-A1FD-CF7D51DF6090}
	EndGlobalSection
EndGlobal
